// !$*UTF8*$!
{
	archiveVersion = 1;
	classes = {
	};
	objectVersion = 56;
	objects = {

/* Begin PBXBuildFile section */
		C74BB2DB2ABA602300E5F50A /* AppDelegate.swift in Sources */ = {isa = PBXBuildFile; fileRef = C74BB2DA2ABA602300E5F50A /* AppDelegate.swift */; };
		C74BB2DD2ABA602300E5F50A /* SceneDelegate.swift in Sources */ = {isa = PBXBuildFile; fileRef = C74BB2DC2ABA602300E5F50A /* SceneDelegate.swift */; };
		C74BB2DF2ABA602300E5F50A /* ViewController.swift in Sources */ = {isa = PBXBuildFile; fileRef = C74BB2DE2ABA602300E5F50A /* ViewController.swift */; };
		C74BB2E22ABA602300E5F50A /* Main.storyboard in Resources */ = {isa = PBXBuildFile; fileRef = C74BB2E02ABA602300E5F50A /* Main.storyboard */; };
		C74BB2E42ABA602500E5F50A /* Assets.xcassets in Resources */ = {isa = PBXBuildFile; fileRef = C74BB2E32ABA602500E5F50A /* Assets.xcassets */; };
		C74BB2E72ABA602500E5F50A /* LaunchScreen.storyboard in Resources */ = {isa = PBXBuildFile; fileRef = C74BB2E52ABA602500E5F50A /* LaunchScreen.storyboard */; };
		C74BB2F22ABA602500E5F50A /* HackwichFour_9_19_23Tests.swift in Sources */ = {isa = PBXBuildFile; fileRef = C74BB2F12ABA602500E5F50A /* HackwichFour_9_19_23Tests.swift */; };
		C74BB2FC2ABA602500E5F50A /* HackwichFour_9_19_23UITests.swift in Sources */ = {isa = PBXBuildFile; fileRef = C74BB2FB2ABA602500E5F50A /* HackwichFour_9_19_23UITests.swift */; };
		C74BB2FE2ABA602500E5F50A /* HackwichFour_9_19_23UITestsLaunchTests.swift in Sources */ = {isa = PBXBuildFile; fileRef = C74BB2FD2ABA602500E5F50A /* HackwichFour_9_19_23UITestsLaunchTests.swift */; };
/* End PBXBuildFile section */

/* Begin PBXContainerItemProxy section */
		C74BB2EE2ABA602500E5F50A /* PBXContainerItemProxy */ = {
			isa = PBXContainerItemProxy;
			containerPortal = C74BB2CF2ABA602300E5F50A /* Project object */;
			proxyType = 1;
			remoteGlobalIDString = C74BB2D62ABA602300E5F50A;
			remoteInfo = HackwichFour_9.19.23;
		};
		C74BB2F82ABA602500E5F50A /* PBXContainerItemProxy */ = {
			isa = PBXContainerItemProxy;
			containerPortal = C74BB2CF2ABA602300E5F50A /* Project object */;
			proxyType = 1;
			remoteGlobalIDString = C74BB2D62ABA602300E5F50A;
			remoteInfo = HackwichFour_9.19.23;
		};
/* End PBXContainerItemProxy section */

/* Begin PBXFileReference section */
		C74BB2D72ABA602300E5F50A /* HackwichFour_9.19.23.app */ = {isa = PBXFileReference; explicitFileType = wrapper.application; includeInIndex = 0; path = HackwichFour_9.19.23.app; sourceTree = BUILT_PRODUCTS_DIR; };
		C74BB2DA2ABA602300E5F50A /* AppDelegate.swift */ = {isa = PBXFileReference; lastKnownFileType = sourcecode.swift; path = AppDelegate.swift; sourceTree = "<group>"; };
		C74BB2DC2ABA602300E5F50A /* SceneDelegate.swift */ = {isa = PBXFileReference; lastKnownFileType = sourcecode.swift; path = SceneDelegate.swift; sourceTree = "<group>"; };
		C74BB2DE2ABA602300E5F50A /* ViewController.swift */ = {isa = PBXFileReference; lastKnownFileType = sourcecode.swift; path = ViewController.swift; sourceTree = "<group>"; };
		C74BB2E12ABA602300E5F50A /* Base */ = {isa = PBXFileReference; lastKnownFileType = file.storyboard; name = Base; path = Base.lproj/Main.storyboard; sourceTree = "<group>"; };
		C74BB2E32ABA602500E5F50A /* Assets.xcassets */ = {isa = PBXFileReference; lastKnownFileType = folder.assetcatalog; path = Assets.xcassets; sourceTree = "<group>"; };
		C74BB2E62ABA602500E5F50A /* Base */ = {isa = PBXFileReference; lastKnownFileType = file.storyboard; name = Base; path = Base.lproj/LaunchScreen.storyboard; sourceTree = "<group>"; };
		C74BB2E82ABA602500E5F50A /* Info.plist */ = {isa = PBXFileReference; lastKnownFileType = text.plist.xml; path = Info.plist; sourceTree = "<group>"; };
		C74BB2ED2ABA602500E5F50A /* HackwichFour_9.19.23Tests.xctest */ = {isa = PBXFileReference; explicitFileType = wrapper.cfbundle; includeInIndex = 0; path = HackwichFour_9.19.23Tests.xctest; sourceTree = BUILT_PRODUCTS_DIR; };
		C74BB2F12ABA602500E5F50A /* HackwichFour_9_19_23Tests.swift */ = {isa = PBXFileReference; lastKnownFileType = sourcecode.swift; path = HackwichFour_9_19_23Tests.swift; sourceTree = "<group>"; };
		C74BB2F72ABA602500E5F50A /* HackwichFour_9.19.23UITests.xctest */ = {isa = PBXFileReference; explicitFileType = wrapper.cfbundle; includeInIndex = 0; path = HackwichFour_9.19.23UITests.xctest; sourceTree = BUILT_PRODUCTS_DIR; };
		C74BB2FB2ABA602500E5F50A /* HackwichFour_9_19_23UITests.swift */ = {isa = PBXFileReference; lastKnownFileType = sourcecode.swift; path = HackwichFour_9_19_23UITests.swift; sourceTree = "<group>"; };
		C74BB2FD2ABA602500E5F50A /* HackwichFour_9_19_23UITestsLaunchTests.swift */ = {isa = PBXFileReference; lastKnownFileType = sourcecode.swift; path = HackwichFour_9_19_23UITestsLaunchTests.swift; sourceTree = "<group>"; };
/* End PBXFileReference section */

/* Begin PBXFrameworksBuildPhase section */
		C74BB2D42ABA602300E5F50A /* Frameworks */ = {
			isa = PBXFrameworksBuildPhase;
			buildActionMask = 2147483647;
			files = (
			);
			runOnlyForDeploymentPostprocessing = 0;
		};
		C74BB2EA2ABA602500E5F50A /* Frameworks */ = {
			isa = PBXFrameworksBuildPhase;
			buildActionMask = 2147483647;
			files = (
			);
			runOnlyForDeploymentPostprocessing = 0;
		};
		C74BB2F42ABA602500E5F50A /* Frameworks */ = {
			isa = PBXFrameworksBuildPhase;
			buildActionMask = 2147483647;
			files = (
			);
			runOnlyForDeploymentPostprocessing = 0;
		};
/* End PBXFrameworksBuildPhase section */

/* Begin PBXGroup section */
		C74BB2CE2ABA602300E5F50A = {
			isa = PBXGroup;
			children = (
				C74BB2D92ABA602300E5F50A /* HackwichFour_9.19.23 */,
				C74BB2F02ABA602500E5F50A /* HackwichFour_9.19.23Tests */,
				C74BB2FA2ABA602500E5F50A /* HackwichFour_9.19.23UITests */,
				C74BB2D82ABA602300E5F50A /* Products */,
			);
			sourceTree = "<group>";
		};
		C74BB2D82ABA602300E5F50A /* Products */ = {
			isa = PBXGroup;
			children = (
				C74BB2D72ABA602300E5F50A /* HackwichFour_9.19.23.app */,
				C74BB2ED2ABA602500E5F50A /* HackwichFour_9.19.23Tests.xctest */,
				C74BB2F72ABA602500E5F50A /* HackwichFour_9.19.23UITests.xctest */,
			);
			name = Products;
			sourceTree = "<group>";
		};
		C74BB2D92ABA602300E5F50A /* HackwichFour_9.19.23 */ = {
			isa = PBXGroup;
			children = (
				C74BB2DA2ABA602300E5F50A /* AppDelegate.swift */,
				C74BB2DC2ABA602300E5F50A /* SceneDelegate.swift */,
				C74BB2DE2ABA602300E5F50A /* ViewController.swift */,
				C74BB2E02ABA602300E5F50A /* Main.storyboard */,
				C74BB2E32ABA602500E5F50A /* Assets.xcassets */,
				C74BB2E52ABA602500E5F50A /* LaunchScreen.storyboard */,
				C74BB2E82ABA602500E5F50A /* Info.plist */,
			);
			path = HackwichFour_9.19.23;
			sourceTree = "<group>";
		};
		C74BB2F02ABA602500E5F50A /* HackwichFour_9.19.23Tests */ = {
			isa = PBXGroup;
			children = (
				C74BB2F12ABA602500E5F50A /* HackwichFour_9_19_23Tests.swift */,
			);
			path = HackwichFour_9.19.23Tests;
			sourceTree = "<group>";
		};
		C74BB2FA2ABA602500E5F50A /* HackwichFour_9.19.23UITests */ = {
			isa = PBXGroup;
			children = (
				C74BB2FB2ABA602500E5F50A /* HackwichFour_9_19_23UITests.swift */,
				C74BB2FD2ABA602500E5F50A /* HackwichFour_9_19_23UITestsLaunchTests.swift */,
			);
			path = HackwichFour_9.19.23UITests;
			sourceTree = "<group>";
		};
/* End PBXGroup section */

/* Begin PBXNativeTarget section */
		C74BB2D62ABA602300E5F50A /* HackwichFour_9.19.23 */ = {
			isa = PBXNativeTarget;
			buildConfigurationList = C74BB3012ABA602500E5F50A /* Build configuration list for PBXNativeTarget "HackwichFour_9.19.23" */;
			buildPhases = (
				C74BB2D32ABA602300E5F50A /* Sources */,
				C74BB2D42ABA602300E5F50A /* Frameworks */,
				C74BB2D52ABA602300E5F50A /* Resources */,
			);
			buildRules = (
			);
			dependencies = (
			);
			name = HackwichFour_9.19.23;
			productName = HackwichFour_9.19.23;
			productReference = C74BB2D72ABA602300E5F50A /* HackwichFour_9.19.23.app */;
			productType = "com.apple.product-type.application";
		};
		C74BB2EC2ABA602500E5F50A /* HackwichFour_9.19.23Tests */ = {
			isa = PBXNativeTarget;
			buildConfigurationList = C74BB3042ABA602500E5F50A /* Build configuration list for PBXNativeTarget "HackwichFour_9.19.23Tests" */;
			buildPhases = (
				C74BB2E92ABA602500E5F50A /* Sources */,
				C74BB2EA2ABA602500E5F50A /* Frameworks */,
				C74BB2EB2ABA602500E5F50A /* Resources */,
			);
			buildRules = (
			);
			dependencies = (
				C74BB2EF2ABA602500E5F50A /* PBXTargetDependency */,
			);
			name = HackwichFour_9.19.23Tests;
			productName = HackwichFour_9.19.23Tests;
			productReference = C74BB2ED2ABA602500E5F50A /* HackwichFour_9.19.23Tests.xctest */;
			productType = "com.apple.product-type.bundle.unit-test";
		};
		C74BB2F62ABA602500E5F50A /* HackwichFour_9.19.23UITests */ = {
			isa = PBXNativeTarget;
			buildConfigurationList = C74BB3072ABA602500E5F50A /* Build configuration list for PBXNativeTarget "HackwichFour_9.19.23UITests" */;
			buildPhases = (
				C74BB2F32ABA602500E5F50A /* Sources */,
				C74BB2F42ABA602500E5F50A /* Frameworks */,
				C74BB2F52ABA602500E5F50A /* Resources */,
			);
			buildRules = (
			);
			dependencies = (
				C74BB2F92ABA602500E5F50A /* PBXTargetDependency */,
			);
			name = HackwichFour_9.19.23UITests;
			productName = HackwichFour_9.19.23UITests;
			productReference = C74BB2F72ABA602500E5F50A /* HackwichFour_9.19.23UITests.xctest */;
			productType = "com.apple.product-type.bundle.ui-testing";
		};
/* End PBXNativeTarget section */

/* Begin PBXProject section */
		C74BB2CF2ABA602300E5F50A /* Project object */ = {
			isa = PBXProject;
			attributes = {
				BuildIndependentTargetsInParallel = 1;
				LastSwiftUpdateCheck = 1430;
				LastUpgradeCheck = 1430;
				TargetAttributes = {
					C74BB2D62ABA602300E5F50A = {
						CreatedOnToolsVersion = 14.3.1;
					};
					C74BB2EC2ABA602500E5F50A = {
						CreatedOnToolsVersion = 14.3.1;
						TestTargetID = C74BB2D62ABA602300E5F50A;
					};
					C74BB2F62ABA602500E5F50A = {
						CreatedOnToolsVersion = 14.3.1;
						TestTargetID = C74BB2D62ABA602300E5F50A;
					};
				};
			};
			buildConfigurationList = C74BB2D22ABA602300E5F50A /* Build configuration list for PBXProject "HackwichFour_9.19.23" */;
			compatibilityVersion = "Xcode 14.0";
			developmentRegion = en;
			hasScannedForEncodings = 0;
			knownRegions = (
				en,
				Base,
			);
			mainGroup = C74BB2CE2ABA602300E5F50A;
			productRefGroup = C74BB2D82ABA602300E5F50A /* Products */;
			projectDirPath = "";
			projectRoot = "";
			targets = (
				C74BB2D62ABA602300E5F50A /* HackwichFour_9.19.23 */,
				C74BB2EC2ABA602500E5F50A /* HackwichFour_9.19.23Tests */,
				C74BB2F62ABA602500E5F50A /* HackwichFour_9.19.23UITests */,
			);
		};
/* End PBXProject section */

/* Begin PBXResourcesBuildPhase section */
		C74BB2D52ABA602300E5F50A /* Resources */ = {
			isa = PBXResourcesBuildPhase;
			buildActionMask = 2147483647;
			files = (
				C74BB2E72ABA602500E5F50A /* LaunchScreen.storyboard in Resources */,
				C74BB2E42ABA602500E5F50A /* Assets.xcassets in Resources */,
				C74BB2E22ABA602300E5F50A /* Main.storyboard in Resources */,
			);
			runOnlyForDeploymentPostprocessing = 0;
		};
		C74BB2EB2ABA602500E5F50A /* Resources */ = {
			isa = PBXResourcesBuildPhase;
			buildActionMask = 2147483647;
			files = (
			);
			runOnlyForDeploymentPostprocessing = 0;
		};
		C74BB2F52ABA602500E5F50A /* Resources */ = {
			isa = PBXResourcesBuildPhase;
			buildActionMask = 2147483647;
			files = (
			);
			runOnlyForDeploymentPostprocessing = 0;
		};
/* End PBXResourcesBuildPhase section */

/* Begin PBXSourcesBuildPhase section */
		C74BB2D32ABA602300E5F50A /* Sources */ = {
			isa = PBXSourcesBuildPhase;
			buildActionMask = 2147483647;
			files = (
				C74BB2DF2ABA602300E5F50A /* ViewController.swift in Sources */,
				C74BB2DB2ABA602300E5F50A /* AppDelegate.swift in Sources */,
				C74BB2DD2ABA602300E5F50A /* SceneDelegate.swift in Sources */,
			);
			runOnlyForDeploymentPostprocessing = 0;
		};
		C74BB2E92ABA602500E5F50A /* Sources */ = {
			isa = PBXSourcesBuildPhase;
			buildActionMask = 2147483647;
			files = (
				C74BB2F22ABA602500E5F50A /* HackwichFour_9_19_23Tests.swift in Sources */,
			);
			runOnlyForDeploymentPostprocessing = 0;
		};
		C74BB2F32ABA602500E5F50A /* Sources */ = {
			isa = PBXSourcesBuildPhase;
			buildActionMask = 2147483647;
			files = (
				C74BB2FC2ABA602500E5F50A /* HackwichFour_9_19_23UITests.swift in Sources */,
				C74BB2FE2ABA602500E5F50A /* HackwichFour_9_19_23UITestsLaunchTests.swift in Sources */,
			);
			runOnlyForDeploymentPostprocessing = 0;
		};
/* End PBXSourcesBuildPhase section */

/* Begin PBXTargetDependency section */
		C74BB2EF2ABA602500E5F50A /* PBXTargetDependency */ = {
			isa = PBXTargetDependency;
			target = C74BB2D62ABA602300E5F50A /* HackwichFour_9.19.23 */;
			targetProxy = C74BB2EE2ABA602500E5F50A /* PBXContainerItemProxy */;
		};
		C74BB2F92ABA602500E5F50A /* PBXTargetDependency */ = {
			isa = PBXTargetDependency;
			target = C74BB2D62ABA602300E5F50A /* HackwichFour_9.19.23 */;
			targetProxy = C74BB2F82ABA602500E5F50A /* PBXContainerItemProxy */;
		};
/* End PBXTargetDependency section */

/* Begin PBXVariantGroup section */
		C74BB2E02ABA602300E5F50A /* Main.storyboard */ = {
			isa = PBXVariantGroup;
			children = (
				C74BB2E12ABA602300E5F50A /* Base */,
			);
			name = Main.storyboard;
			sourceTree = "<group>";
		};
		C74BB2E52ABA602500E5F50A /* LaunchScreen.storyboard */ = {
			isa = PBXVariantGroup;
			children = (
				C74BB2E62ABA602500E5F50A /* Base */,
			);
			name = LaunchScreen.storyboard;
			sourceTree = "<group>";
		};
/* End PBXVariantGroup section */

/* Begin XCBuildConfiguration section */
		C74BB2FF2ABA602500E5F50A /* Debug */ = {
			isa = XCBuildConfiguration;
			buildSettings = {
				ALWAYS_SEARCH_USER_PATHS = NO;
				CLANG_ANALYZER_NONNULL = YES;
				CLANG_ANALYZER_NUMBER_OBJECT_CONVERSION = YES_AGGRESSIVE;
				CLANG_CXX_LANGUAGE_STANDARD = "gnu++20";
				CLANG_ENABLE_MODULES = YES;
				CLANG_ENABLE_OBJC_ARC = YES;
				CLANG_ENABLE_OBJC_WEAK = YES;
				CLANG_WARN_BLOCK_CAPTURE_AUTORELEASING = YES;
				CLANG_WARN_BOOL_CONVERSION = YES;
				CLANG_WARN_COMMA = YES;
				CLANG_WARN_CONSTANT_CONVERSION = YES;
				CLANG_WARN_DEPRECATED_OBJC_IMPLEMENTATIONS = YES;
				CLANG_WARN_DIRECT_OBJC_ISA_USAGE = YES_ERROR;
				CLANG_WARN_DOCUMENTATION_COMMENTS = YES;
				CLANG_WARN_EMPTY_BODY = YES;
				CLANG_WARN_ENUM_CONVERSION = YES;
				CLANG_WARN_INFINITE_RECURSION = YES;
				CLANG_WARN_INT_CONVERSION = YES;
				CLANG_WARN_NON_LITERAL_NULL_CONVERSION = YES;
				CLANG_WARN_OBJC_IMPLICIT_RETAIN_SELF = YES;
				CLANG_WARN_OBJC_LITERAL_CONVERSION = YES;
				CLANG_WARN_OBJC_ROOT_CLASS = YES_ERROR;
				CLANG_WARN_QUOTED_INCLUDE_IN_FRAMEWORK_HEADER = YES;
				CLANG_WARN_RANGE_LOOP_ANALYSIS = YES;
				CLANG_WARN_STRICT_PROTOTYPES = YES;
				CLANG_WARN_SUSPICIOUS_MOVE = YES;
				CLANG_WARN_UNGUARDED_AVAILABILITY = YES_AGGRESSIVE;
				CLANG_WARN_UNREACHABLE_CODE = YES;
				CLANG_WARN__DUPLICATE_METHOD_MATCH = YES;
				COPY_PHASE_STRIP = NO;
				DEBUG_INFORMATION_FORMAT = dwarf;
				ENABLE_STRICT_OBJC_MSGSEND = YES;
				ENABLE_TESTABILITY = YES;
				GCC_C_LANGUAGE_STANDARD = gnu11;
				GCC_DYNAMIC_NO_PIC = NO;
				GCC_NO_COMMON_BLOCKS = YES;
				GCC_OPTIMIZATION_LEVEL = 0;
				GCC_PREPROCESSOR_DEFINITIONS = (
					"DEBUG=1",
					"$(inherited)",
				);
				GCC_WARN_64_TO_32_BIT_CONVERSION = YES;
				GCC_WARN_ABOUT_RETURN_TYPE = YES_ERROR;
				GCC_WARN_UNDECLARED_SELECTOR = YES;
				GCC_WARN_UNINITIALIZED_AUTOS = YES_AGGRESSIVE;
				GCC_WARN_UNUSED_FUNCTION = YES;
				GCC_WARN_UNUSED_VARIABLE = YES;
				IPHONEOS_DEPLOYMENT_TARGET = 16.4;
				MTL_ENABLE_DEBUG_INFO = INCLUDE_SOURCE;
				MTL_FAST_MATH = YES;
				ONLY_ACTIVE_ARCH = YES;
				SDKROOT = iphoneos;
				SWIFT_ACTIVE_COMPILATION_CONDITIONS = DEBUG;
				SWIFT_OPTIMIZATION_LEVEL = "-Onone";
			};
			name = Debug;
		};
		C74BB3002ABA602500E5F50A /* Release */ = {
			isa = XCBuildConfiguration;
			buildSettings = {
				ALWAYS_SEARCH_USER_PATHS = NO;
				CLANG_ANALYZER_NONNULL = YES;
				CLANG_ANALYZER_NUMBER_OBJECT_CONVERSION = YES_AGGRESSIVE;
				CLANG_CXX_LANGUAGE_STANDARD = "gnu++20";
				CLANG_ENABLE_MODULES = YES;
				CLANG_ENABLE_OBJC_ARC = YES;
				CLANG_ENABLE_OBJC_WEAK = YES;
				CLANG_WARN_BLOCK_CAPTURE_AUTORELEASING = YES;
				CLANG_WARN_BOOL_CONVERSION = YES;
				CLANG_WARN_COMMA = YES;
				CLANG_WARN_CONSTANT_CONVERSION = YES;
				CLANG_WARN_DEPRECATED_OBJC_IMPLEMENTATIONS = YES;
				CLANG_WARN_DIRECT_OBJC_ISA_USAGE = YES_ERROR;
				CLANG_WARN_DOCUMENTATION_COMMENTS = YES;
				CLANG_WARN_EMPTY_BODY = YES;
				CLANG_WARN_ENUM_CONVERSION = YES;
				CLANG_WARN_INFINITE_RECURSION = YES;
				CLANG_WARN_INT_CONVERSION = YES;
				CLANG_WARN_NON_LITERAL_NULL_CONVERSION = YES;
				CLANG_WARN_OBJC_IMPLICIT_RETAIN_SELF = YES;
				CLANG_WARN_OBJC_LITERAL_CONVERSION = YES;
				CLANG_WARN_OBJC_ROOT_CLASS = YES_ERROR;
				CLANG_WARN_QUOTED_INCLUDE_IN_FRAMEWORK_HEADER = YES;
				CLANG_WARN_RANGE_LOOP_ANALYSIS = YES;
				CLANG_WARN_STRICT_PROTOTYPES = YES;
				CLANG_WARN_SUSPICIOUS_MOVE = YES;
				CLANG_WARN_UNGUARDED_AVAILABILITY = YES_AGGRESSIVE;
				CLANG_WARN_UNREACHABLE_CODE = YES;
				CLANG_WARN__DUPLICATE_METHOD_MATCH = YES;
				COPY_PHASE_STRIP = NO;
				DEBUG_INFORMATION_FORMAT = "dwarf-with-dsym";
				ENABLE_NS_ASSERTIONS = NO;
				ENABLE_STRICT_OBJC_MSGSEND = YES;
				GCC_C_LANGUAGE_STANDARD = gnu11;
				GCC_NO_COMMON_BLOCKS = YES;
				GCC_WARN_64_TO_32_BIT_CONVERSION = YES;
				GCC_WARN_ABOUT_RETURN_TYPE = YES_ERROR;
				GCC_WARN_UNDECLARED_SELECTOR = YES;
				GCC_WARN_UNINITIALIZED_AUTOS = YES_AGGRESSIVE;
				GCC_WARN_UNUSED_FUNCTION = YES;
				GCC_WARN_UNUSED_VARIABLE = YES;
				IPHONEOS_DEPLOYMENT_TARGET = 16.4;
				MTL_ENABLE_DEBUG_INFO = NO;
				MTL_FAST_MATH = YES;
				SDKROOT = iphoneos;
				SWIFT_COMPILATION_MODE = wholemodule;
				SWIFT_OPTIMIZATION_LEVEL = "-O";
				VALIDATE_PRODUCT = YES;
			};
			name = Release;
		};
		C74BB3022ABA602500E5F50A /* Debug */ = {
			isa = XCBuildConfiguration;
			buildSettings = {
				ASSETCATALOG_COMPILER_APPICON_NAME = AppIcon;
				ASSETCATALOG_COMPILER_GLOBAL_ACCENT_COLOR_NAME = AccentColor;
				CODE_SIGN_STYLE = Automatic;
				CURRENT_PROJECT_VERSION = 1;
				DEVELOPMENT_TEAM = 2PJ482CC2G;
				GENERATE_INFOPLIST_FILE = YES;
				INFOPLIST_FILE = HackwichFour_9.19.23/Info.plist;
				INFOPLIST_KEY_UIApplicationSupportsIndirectInputEvents = YES;
				INFOPLIST_KEY_UILaunchStoryboardName = LaunchScreen;
				INFOPLIST_KEY_UIMainStoryboardFile = Main;
				INFOPLIST_KEY_UISupportedInterfaceOrientations_iPad = "UIInterfaceOrientationPortrait UIInterfaceOrientationPortraitUpsideDown UIInterfaceOrientationLandscapeLeft UIInterfaceOrientationLandscapeRight";
				INFOPLIST_KEY_UISupportedInterfaceOrientations_iPhone = "UIInterfaceOrientationPortrait UIInterfaceOrientationLandscapeLeft UIInterfaceOrientationLandscapeRight";
				LD_RUNPATH_SEARCH_PATHS = (
					"$(inherited)",
					"@executable_path/Frameworks",
				);
				MARKETING_VERSION = 1.0;
				PRODUCT_BUNDLE_IDENTIFIER = "UHWO.HackwichFour-9-19-23";
				PRODUCT_NAME = "$(TARGET_NAME)";
				SWIFT_EMIT_LOC_STRINGS = YES;
				SWIFT_VERSION = 5.0;
				TARGETED_DEVICE_FAMILY = "1,2";
			};
			name = Debug;
		};
		C74BB3032ABA602500E5F50A /* Release */ = {
			isa = XCBuildConfiguration;
			buildSettings = {
				ASSETCATALOG_COMPILER_APPICON_NAME = AppIcon;
				ASSETCATALOG_COMPILER_GLOBAL_ACCENT_COLOR_NAME = AccentColor;
				CODE_SIGN_STYLE = Automatic;
				CURRENT_PROJECT_VERSION = 1;
				DEVELOPMENT_TEAM = 2PJ482CC2G;
				GENERATE_INFOPLIST_FILE = YES;
				INFOPLIST_FILE = HackwichFour_9.19.23/Info.plist;
				INFOPLIST_KEY_UIApplicationSupportsIndirectInputEvents = YES;
				INFOPLIST_KEY_UILaunchStoryboardName = LaunchScreen;
				INFOPLIST_KEY_UIMainStoryboardFile = Main;
				INFOPLIST_KEY_UISupportedInterfaceOrientations_iPad = "UIInterfaceOrientationPortrait UIInterfaceOrientationPortraitUpsideDown UIInterfaceOrientationLandscapeLeft UIInterfaceOrientationLandscapeRight";
				INFOPLIST_KEY_UISupportedInterfaceOrientations_iPhone = "UIInterfaceOrientationPortrait UIInterfaceOrientationLandscapeLeft UIInterfaceOrientationLandscapeRight";
				LD_RUNPATH_SEARCH_PATHS = (
					"$(inherited)",
					"@executable_path/Frameworks",
				);
				MARKETING_VERSION = 1.0;
				PRODUCT_BUNDLE_IDENTIFIER = "UHWO.HackwichFour-9-19-23";
				PRODUCT_NAME = "$(TARGET_NAME)";
				SWIFT_EMIT_LOC_STRINGS = YES;
				SWIFT_VERSION = 5.0;
				TARGETED_DEVICE_FAMILY = "1,2";
			};
			name = Release;
		};
		C74BB3052ABA602500E5F50A /* Debug */ = {
			isa = XCBuildConfiguration;
			buildSettings = {
				ALWAYS_EMBED_SWIFT_STANDARD_LIBRARIES = YES;
				BUNDLE_LOADER = "$(TEST_HOST)";
				CODE_SIGN_STYLE = Automatic;
				CURRENT_PROJECT_VERSION = 1;
				DEVELOPMENT_TEAM = 2PJ482CC2G;
				GENERATE_INFOPLIST_FILE = YES;
				IPHONEOS_DEPLOYMENT_TARGET = 16.4;
				MARKETING_VERSION = 1.0;
				PRODUCT_BUNDLE_IDENTIFIER = "UHWO.HackwichFour-9-19-23Tests";
				PRODUCT_NAME = "$(TARGET_NAME)";
				SWIFT_EMIT_LOC_STRINGS = NO;
				SWIFT_VERSION = 5.0;
				TARGETED_DEVICE_FAMILY = "1,2";
				TEST_HOST = "$(BUILT_PRODUCTS_DIR)/HackwichFour_9.19.23.app/$(BUNDLE_EXECUTABLE_FOLDER_PATH)/HackwichFour_9.19.23";
			};
			name = Debug;
		};
		C74BB3062ABA602500E5F50A /* Release */ = {
			isa = XCBuildConfiguration;
			buildSettings = {
				ALWAYS_EMBED_SWIFT_STANDARD_LIBRARIES = YES;
				BUNDLE_LOADER = "$(TEST_HOST)";
				CODE_SIGN_STYLE = Automatic;
				CURRENT_PROJECT_VERSION = 1;
				DEVELOPMENT_TEAM = 2PJ482CC2G;
				GENERATE_INFOPLIST_FILE = YES;
				IPHONEOS_DEPLOYMENT_TARGET = 16.4;
				MARKETING_VERSION = 1.0;
				PRODUCT_BUNDLE_IDENTIFIER = "UHWO.HackwichFour-9-19-23Tests";
				PRODUCT_NAME = "$(TARGET_NAME)";
				SWIFT_EMIT_LOC_STRINGS = NO;
				SWIFT_VERSION = 5.0;
				TARGETED_DEVICE_FAMILY = "1,2";
				TEST_HOST = "$(BUILT_PRODUCTS_DIR)/HackwichFour_9.19.23.app/$(BUNDLE_EXECUTABLE_FOLDER_PATH)/HackwichFour_9.19.23";
			};
			name = Release;
		};
		C74BB3082ABA602500E5F50A /* Debug */ = {
			isa = XCBuildConfiguration;
			buildSettings = {
				ALWAYS_EMBED_SWIFT_STANDARD_LIBRARIES = YES;
				CODE_SIGN_STYLE = Automatic;
				CURRENT_PROJECT_VERSION = 1;
				DEVELOPMENT_TEAM = 2PJ482CC2G;
				GENERATE_INFOPLIST_FILE = YES;
				MARKETING_VERSION = 1.0;
				PRODUCT_BUNDLE_IDENTIFIER = "UHWO.HackwichFour-9-19-23UITests";
				PRODUCT_NAME = "$(TARGET_NAME)";
				SWIFT_EMIT_LOC_STRINGS = NO;
				SWIFT_VERSION = 5.0;
				TARGETED_DEVICE_FAMILY = "1,2";
				TEST_TARGET_NAME = HackwichFour_9.19.23;
			};
			name = Debug;
		};
		C74BB3092ABA602500E5F50A /* Release */ = {
			isa = XCBuildConfiguration;
			buildSettings = {
				ALWAYS_EMBED_SWIFT_STANDARD_LIBRARIES = YES;
				CODE_SIGN_STYLE = Automatic;
				CURRENT_PROJECT_VERSION = 1;
				DEVELOPMENT_TEAM = 2PJ482CC2G;
				GENERATE_INFOPLIST_FILE = YES;
				MARKETING_VERSION = 1.0;
				PRODUCT_BUNDLE_IDENTIFIER = "UHWO.HackwichFour-9-19-23UITests";
				PRODUCT_NAME = "$(TARGET_NAME)";
				SWIFT_EMIT_LOC_STRINGS = NO;
				SWIFT_VERSION = 5.0;
				TARGETED_DEVICE_FAMILY = "1,2";
				TEST_TARGET_NAME = HackwichFour_9.19.23;
			};
			name = Release;
		};
/* End XCBuildConfiguration section */

/* Begin XCConfigurationList section */
		C74BB2D22ABA602300E5F50A /* Build configuration list for PBXProject "HackwichFour_9.19.23" */ = {
			isa = XCConfigurationList;
			buildConfigurations = (
				C74BB2FF2ABA602500E5F50A /* Debug */,
				C74BB3002ABA602500E5F50A /* Release */,
			);
			defaultConfigurationIsVisible = 0;
			defaultConfigurationName = Release;
		};
		C74BB3012ABA602500E5F50A /* Build configuration list for PBXNativeTarget "HackwichFour_9.19.23" */ = {
			isa = XCConfigurationList;
			buildConfigurations = (
				C74BB3022ABA602500E5F50A /* Debug */,
				C74BB3032ABA602500E5F50A /* Release */,
			);
			defaultConfigurationIsVisible = 0;
			defaultConfigurationName = Release;
		};
		C74BB3042ABA602500E5F50A /* Build configuration list for PBXNativeTarget "HackwichFour_9.19.23Tests" */ = {
			isa = XCConfigurationList;
			buildConfigurations = (
				C74BB3052ABA602500E5F50A /* Debug */,
				C74BB3062ABA602500E5F50A /* Release */,
			);
			defaultConfigurationIsVisible = 0;
			defaultConfigurationName = Release;
		};
		C74BB3072ABA602500E5F50A /* Build configuration list for PBXNativeTarget "HackwichFour_9.19.23UITests" */ = {
			isa = XCConfigurationList;
			buildConfigurations = (
				C74BB3082ABA602500E5F50A /* Debug */,
				C74BB3092ABA602500E5F50A /* Release */,
			);
			defaultConfigurationIsVisible = 0;
			defaultConfigurationName = Release;
		};
/* End XCConfigurationList section */
	};
	rootObject = C74BB2CF2ABA602300E5F50A /* Project object */;
}
